# This file was autogenerated by Stack.
# You should not edit this file by hand.
# For more information, please see the documentation at:
#   https://docs.haskellstack.org/en/stable/topics/lock_files

packages:
- completed:
    hackage: servant-0.20.2@sha256:a4613dc1caa40d1b8db7aff00417dc2d651a8d73a90add3d934218b1778df35c,5371
    pantry-tree:
      sha256: 23364c969c171541475d270a7cf0d20ee59b4b88058deafef80b0070416670f0
      size: 2944
  original:
    hackage: servant-0.20.2@sha256:a4613dc1caa40d1b8db7aff00417dc2d651a8d73a90add3d934218b1778df35c,5371
- completed:
    hackage: servant-server-0.20.2@sha256:5a2d11959256fed8f4918f02f55cb597b61cc92191a672cd2d2228fadd5ee0ec,6226
    pantry-tree:
      sha256: 234c87e0a70ab6b15df75b526b344715584693be4a5c1b373ecfaaebc9c4127b
      size: 2615
  original:
    hackage: servant-server-0.20.2@sha256:5a2d11959256fed8f4918f02f55cb597b61cc92191a672cd2d2228fadd5ee0ec,6226
snapshots:
- completed:
    sha256: 580477c7f2a05ece24f18c728917edb594f99295247a3a2c913f8e8f995fd3a3
    size: 509613
    url: https://raw.githubusercontent.com/commercialhaskell/stackage-snapshots/master/nightly/2020/7/12.yaml
  original: nightly-2020-07-12
